// !$*UTF8*$!
{
	archiveVersion = 1;
	classes = {
	};
	objectVersion = 50;
	objects = {

/* Begin PBXBuildFile section */
		CD5A6F222455152500718992 /* AppDelegate.swift in Sources */ = {isa = PBXBuildFile; fileRef = CD5A6F212455152500718992 /* AppDelegate.swift */; };
		CD5A6F242455152500718992 /* SceneDelegate.swift in Sources */ = {isa = PBXBuildFile; fileRef = CD5A6F232455152500718992 /* SceneDelegate.swift */; };
		CD5A6F262455152500718992 /* ViewController.swift in Sources */ = {isa = PBXBuildFile; fileRef = CD5A6F252455152500718992 /* ViewController.swift */; };
		CD5A6F292455152500718992 /* Main.storyboard in Resources */ = {isa = PBXBuildFile; fileRef = CD5A6F272455152500718992 /* Main.storyboard */; };
		CD5A6F2B2455152700718992 /* Assets.xcassets in Resources */ = {isa = PBXBuildFile; fileRef = CD5A6F2A2455152700718992 /* Assets.xcassets */; };
		CD5A6F2E2455152700718992 /* LaunchScreen.storyboard in Resources */ = {isa = PBXBuildFile; fileRef = CD5A6F2C2455152700718992 /* LaunchScreen.storyboard */; };
		CD5A6F392455152700718992 /* NSW_Work_Day_CalcTests.swift in Sources */ = {isa = PBXBuildFile; fileRef = CD5A6F382455152700718992 /* NSW_Work_Day_CalcTests.swift */; };
		CD5A6F442455152700718992 /* NSW_Work_Day_CalcUITests.swift in Sources */ = {isa = PBXBuildFile; fileRef = CD5A6F432455152700718992 /* NSW_Work_Day_CalcUITests.swift */; };
		CD5A6F53245515E300718992 /* WorkDayCalculator.swift in Sources */ = {isa = PBXBuildFile; fileRef = CD5A6F52245515E200718992 /* WorkDayCalculator.swift */; };
/* End PBXBuildFile section */

/* Begin PBXContainerItemProxy section */
		CD5A6F352455152700718992 /* PBXContainerItemProxy */ = {
			isa = PBXContainerItemProxy;
			containerPortal = CD5A6F162455152500718992 /* Project object */;
			proxyType = 1;
			remoteGlobalIDString = CD5A6F1D2455152500718992;
			remoteInfo = "NSW Work Day Calc";
		};
		CD5A6F402455152700718992 /* PBXContainerItemProxy */ = {
			isa = PBXContainerItemProxy;
			containerPortal = CD5A6F162455152500718992 /* Project object */;
			proxyType = 1;
			remoteGlobalIDString = CD5A6F1D2455152500718992;
			remoteInfo = "NSW Work Day Calc";
		};
/* End PBXContainerItemProxy section */

/* Begin PBXFileReference section */
		CD5A6F1E2455152500718992 /* NSW Work Day Calc.app */ = {isa = PBXFileReference; explicitFileType = wrapper.application; includeInIndex = 0; path = "NSW Work Day Calc.app"; sourceTree = BUILT_PRODUCTS_DIR; };
		CD5A6F212455152500718992 /* AppDelegate.swift */ = {isa = PBXFileReference; lastKnownFileType = sourcecode.swift; path = AppDelegate.swift; sourceTree = "<group>"; };
		CD5A6F232455152500718992 /* SceneDelegate.swift */ = {isa = PBXFileReference; lastKnownFileType = sourcecode.swift; path = SceneDelegate.swift; sourceTree = "<group>"; };
		CD5A6F252455152500718992 /* ViewController.swift */ = {isa = PBXFileReference; lastKnownFileType = sourcecode.swift; path = ViewController.swift; sourceTree = "<group>"; };
		CD5A6F282455152500718992 /* Base */ = {isa = PBXFileReference; lastKnownFileType = file.storyboard; name = Base; path = Base.lproj/Main.storyboard; sourceTree = "<group>"; };
		CD5A6F2A2455152700718992 /* Assets.xcassets */ = {isa = PBXFileReference; lastKnownFileType = folder.assetcatalog; path = Assets.xcassets; sourceTree = "<group>"; };
		CD5A6F2D2455152700718992 /* Base */ = {isa = PBXFileReference; lastKnownFileType = file.storyboard; name = Base; path = Base.lproj/LaunchScreen.storyboard; sourceTree = "<group>"; };
		CD5A6F2F2455152700718992 /* Info.plist */ = {isa = PBXFileReference; lastKnownFileType = text.plist.xml; path = Info.plist; sourceTree = "<group>"; };
		CD5A6F342455152700718992 /* NSW Work Day CalcTests.xctest */ = {isa = PBXFileReference; explicitFileType = wrapper.cfbundle; includeInIndex = 0; path = "NSW Work Day CalcTests.xctest"; sourceTree = BUILT_PRODUCTS_DIR; };
		CD5A6F382455152700718992 /* NSW_Work_Day_CalcTests.swift */ = {isa = PBXFileReference; lastKnownFileType = sourcecode.swift; path = NSW_Work_Day_CalcTests.swift; sourceTree = "<group>"; };
		CD5A6F3A2455152700718992 /* Info.plist */ = {isa = PBXFileReference; lastKnownFileType = text.plist.xml; path = Info.plist; sourceTree = "<group>"; };
		CD5A6F3F2455152700718992 /* NSW Work Day CalcUITests.xctest */ = {isa = PBXFileReference; explicitFileType = wrapper.cfbundle; includeInIndex = 0; path = "NSW Work Day CalcUITests.xctest"; sourceTree = BUILT_PRODUCTS_DIR; };
		CD5A6F432455152700718992 /* NSW_Work_Day_CalcUITests.swift */ = {isa = PBXFileReference; lastKnownFileType = sourcecode.swift; path = NSW_Work_Day_CalcUITests.swift; sourceTree = "<group>"; };
		CD5A6F452455152700718992 /* Info.plist */ = {isa = PBXFileReference; lastKnownFileType = text.plist.xml; path = Info.plist; sourceTree = "<group>"; };
		CD5A6F52245515E200718992 /* WorkDayCalculator.swift */ = {isa = PBXFileReference; lastKnownFileType = sourcecode.swift; path = WorkDayCalculator.swift; sourceTree = "<group>"; };
/* End PBXFileReference section */

/* Begin PBXFrameworksBuildPhase section */
		CD5A6F1B2455152500718992 /* Frameworks */ = {
			isa = PBXFrameworksBuildPhase;
			buildActionMask = 2147483647;
			files = (
			);
			runOnlyForDeploymentPostprocessing = 0;
		};
		CD5A6F312455152700718992 /* Frameworks */ = {
			isa = PBXFrameworksBuildPhase;
			buildActionMask = 2147483647;
			files = (
			);
			runOnlyForDeploymentPostprocessing = 0;
		};
		CD5A6F3C2455152700718992 /* Frameworks */ = {
			isa = PBXFrameworksBuildPhase;
			buildActionMask = 2147483647;
			files = (
			);
			runOnlyForDeploymentPostprocessing = 0;
		};
/* End PBXFrameworksBuildPhase section */

/* Begin PBXGroup section */
		CD5A6F152455152500718992 = {
			isa = PBXGroup;
			children = (
				CD5A6F512455158200718992 /* Helper */,
				CD5A6F202455152500718992 /* NSW Work Day Calc */,
				CD5A6F372455152700718992 /* NSW Work Day CalcTests */,
				CD5A6F422455152700718992 /* NSW Work Day CalcUITests */,
				CD5A6F1F2455152500718992 /* Products */,
			);
			sourceTree = "<group>";
		};
		CD5A6F1F2455152500718992 /* Products */ = {
			isa = PBXGroup;
			children = (
				CD5A6F1E2455152500718992 /* NSW Work Day Calc.app */,
				CD5A6F342455152700718992 /* NSW Work Day CalcTests.xctest */,
				CD5A6F3F2455152700718992 /* NSW Work Day CalcUITests.xctest */,
			);
			name = Products;
			sourceTree = "<group>";
		};
		CD5A6F202455152500718992 /* NSW Work Day Calc */ = {
			isa = PBXGroup;
			children = (
				CD5A6F212455152500718992 /* AppDelegate.swift */,
				CD5A6F232455152500718992 /* SceneDelegate.swift */,
				CD5A6F252455152500718992 /* ViewController.swift */,
				CD5A6F272455152500718992 /* Main.storyboard */,
				CD5A6F2A2455152700718992 /* Assets.xcassets */,
				CD5A6F2C2455152700718992 /* LaunchScreen.storyboard */,
				CD5A6F2F2455152700718992 /* Info.plist */,
			);
			path = "NSW Work Day Calc";
			sourceTree = "<group>";
		};
		CD5A6F372455152700718992 /* NSW Work Day CalcTests */ = {
			isa = PBXGroup;
			children = (
				CD5A6F382455152700718992 /* NSW_Work_Day_CalcTests.swift */,
				CD5A6F3A2455152700718992 /* Info.plist */,
			);
			path = "NSW Work Day CalcTests";
			sourceTree = "<group>";
		};
		CD5A6F422455152700718992 /* NSW Work Day CalcUITests */ = {
			isa = PBXGroup;
			children = (
				CD5A6F432455152700718992 /* NSW_Work_Day_CalcUITests.swift */,
				CD5A6F452455152700718992 /* Info.plist */,
			);
			path = "NSW Work Day CalcUITests";
			sourceTree = "<group>";
		};
		CD5A6F512455158200718992 /* Helper */ = {
			isa = PBXGroup;
			children = (
				CD5A6F52245515E200718992 /* WorkDayCalculator.swift */,
			);
			path = Helper;
			sourceTree = "<group>";
		};
/* End PBXGroup section */

/* Begin PBXNativeTarget section */
		CD5A6F1D2455152500718992 /* NSW Work Day Calc */ = {
			isa = PBXNativeTarget;
			buildConfigurationList = CD5A6F482455152700718992 /* Build configuration list for PBXNativeTarget "NSW Work Day Calc" */;
			buildPhases = (
				CD5A6F1A2455152500718992 /* Sources */,
				CD5A6F1B2455152500718992 /* Frameworks */,
				CD5A6F1C2455152500718992 /* Resources */,
			);
			buildRules = (
			);
			dependencies = (
			);
			name = "NSW Work Day Calc";
			productName = "NSW Work Day Calc";
			productReference = CD5A6F1E2455152500718992 /* NSW Work Day Calc.app */;
			productType = "com.apple.product-type.application";
		};
		CD5A6F332455152700718992 /* NSW Work Day CalcTests */ = {
			isa = PBXNativeTarget;
			buildConfigurationList = CD5A6F4B2455152700718992 /* Build configuration list for PBXNativeTarget "NSW Work Day CalcTests" */;
			buildPhases = (
				CD5A6F302455152700718992 /* Sources */,
				CD5A6F312455152700718992 /* Frameworks */,
				CD5A6F322455152700718992 /* Resources */,
			);
			buildRules = (
			);
			dependencies = (
				CD5A6F362455152700718992 /* PBXTargetDependency */,
			);
			name = "NSW Work Day CalcTests";
			productName = "NSW Work Day CalcTests";
			productReference = CD5A6F342455152700718992 /* NSW Work Day CalcTests.xctest */;
			productType = "com.apple.product-type.bundle.unit-test";
		};
		CD5A6F3E2455152700718992 /* NSW Work Day CalcUITests */ = {
			isa = PBXNativeTarget;
			buildConfigurationList = CD5A6F4E2455152700718992 /* Build configuration list for PBXNativeTarget "NSW Work Day CalcUITests" */;
			buildPhases = (
				CD5A6F3B2455152700718992 /* Sources */,
				CD5A6F3C2455152700718992 /* Frameworks */,
				CD5A6F3D2455152700718992 /* Resources */,
			);
			buildRules = (
			);
			dependencies = (
				CD5A6F412455152700718992 /* PBXTargetDependency */,
			);
			name = "NSW Work Day CalcUITests";
			productName = "NSW Work Day CalcUITests";
			productReference = CD5A6F3F2455152700718992 /* NSW Work Day CalcUITests.xctest */;
			productType = "com.apple.product-type.bundle.ui-testing";
		};
/* End PBXNativeTarget section */

/* Begin PBXProject section */
		CD5A6F162455152500718992 /* Project object */ = {
			isa = PBXProject;
			attributes = {
				LastSwiftUpdateCheck = 1140;
				LastUpgradeCheck = 1140;
				ORGANIZATIONNAME = "Raj Patel";
				TargetAttributes = {
					CD5A6F1D2455152500718992 = {
						CreatedOnToolsVersion = 11.4.1;
					};
					CD5A6F332455152700718992 = {
						CreatedOnToolsVersion = 11.4.1;
						TestTargetID = CD5A6F1D2455152500718992;
					};
					CD5A6F3E2455152700718992 = {
						CreatedOnToolsVersion = 11.4.1;
						TestTargetID = CD5A6F1D2455152500718992;
					};
				};
			};
			buildConfigurationList = CD5A6F192455152500718992 /* Build configuration list for PBXProject "NSW Work Day Calc" */;
			compatibilityVersion = "Xcode 9.3";
			developmentRegion = en;
			hasScannedForEncodings = 0;
			knownRegions = (
				en,
				Base,
			);
			mainGroup = CD5A6F152455152500718992;
			productRefGroup = CD5A6F1F2455152500718992 /* Products */;
			projectDirPath = "";
			projectRoot = "";
			targets = (
				CD5A6F1D2455152500718992 /* NSW Work Day Calc */,
				CD5A6F332455152700718992 /* NSW Work Day CalcTests */,
				CD5A6F3E2455152700718992 /* NSW Work Day CalcUITests */,
			);
		};
/* End PBXProject section */

/* Begin PBXResourcesBuildPhase section */
		CD5A6F1C2455152500718992 /* Resources */ = {
			isa = PBXResourcesBuildPhase;
			buildActionMask = 2147483647;
			files = (
				CD5A6F2E2455152700718992 /* LaunchScreen.storyboard in Resources */,
				CD5A6F2B2455152700718992 /* Assets.xcassets in Resources */,
				CD5A6F292455152500718992 /* Main.storyboard in Resources */,
			);
			runOnlyForDeploymentPostprocessing = 0;
		};
		CD5A6F322455152700718992 /* Resources */ = {
			isa = PBXResourcesBuildPhase;
			buildActionMask = 2147483647;
			files = (
			);
			runOnlyForDeploymentPostprocessing = 0;
		};
		CD5A6F3D2455152700718992 /* Resources */ = {
			isa = PBXResourcesBuildPhase;
			buildActionMask = 2147483647;
			files = (
			);
			runOnlyForDeploymentPostprocessing = 0;
		};
/* End PBXResourcesBuildPhase section */

/* Begin PBXSourcesBuildPhase section */
		CD5A6F1A2455152500718992 /* Sources */ = {
			isa = PBXSourcesBuildPhase;
			buildActionMask = 2147483647;
			files = (
				CD5A6F262455152500718992 /* ViewController.swift in Sources */,
				CD5A6F53245515E300718992 /* WorkDayCalculator.swift in Sources */,
				CD5A6F222455152500718992 /* AppDelegate.swift in Sources */,
				CD5A6F242455152500718992 /* SceneDelegate.swift in Sources */,
			);
			runOnlyForDeploymentPostprocessing = 0;
		};
		CD5A6F302455152700718992 /* Sources */ = {
			isa = PBXSourcesBuildPhase;
			buildActionMask = 2147483647;
			files = (
				CD5A6F392455152700718992 /* NSW_Work_Day_CalcTests.swift in Sources */,
			);
			runOnlyForDeploymentPostprocessing = 0;
		};
		CD5A6F3B2455152700718992 /* Sources */ = {
			isa = PBXSourcesBuildPhase;
			buildActionMask = 2147483647;
			files = (
				CD5A6F442455152700718992 /* NSW_Work_Day_CalcUITests.swift in Sources */,
			);
			runOnlyForDeploymentPostprocessing = 0;
		};
/* End PBXSourcesBuildPhase section */

/* Begin PBXTargetDependency section */
		CD5A6F362455152700718992 /* PBXTargetDependency */ = {
			isa = PBXTargetDependency;
			target = CD5A6F1D2455152500718992 /* NSW Work Day Calc */;
			targetProxy = CD5A6F352455152700718992 /* PBXContainerItemProxy */;
		};
		CD5A6F412455152700718992 /* PBXTargetDependency */ = {
			isa = PBXTargetDependency;
			target = CD5A6F1D2455152500718992 /* NSW Work Day Calc */;
			targetProxy = CD5A6F402455152700718992 /* PBXContainerItemProxy */;
		};
/* End PBXTargetDependency section */

/* Begin PBXVariantGroup section */
		CD5A6F272455152500718992 /* Main.storyboard */ = {
			isa = PBXVariantGroup;
			children = (
				CD5A6F282455152500718992 /* Base */,
			);
			name = Main.storyboard;
			sourceTree = "<group>";
		};
		CD5A6F2C2455152700718992 /* LaunchScreen.storyboard */ = {
			isa = PBXVariantGroup;
			children = (
				CD5A6F2D2455152700718992 /* Base */,
			);
			name = LaunchScreen.storyboard;
			sourceTree = "<group>";
		};
/* End PBXVariantGroup section */

/* Begin XCBuildConfiguration section */
		CD5A6F462455152700718992 /* Debug */ = {
			isa = XCBuildConfiguration;
			buildSettings = {
				ALWAYS_SEARCH_USER_PATHS = NO;
				CLANG_ANALYZER_NONNULL = YES;
				CLANG_ANALYZER_NUMBER_OBJECT_CONVERSION = YES_AGGRESSIVE;
				CLANG_CXX_LANGUAGE_STANDARD = "gnu++14";
				CLANG_CXX_LIBRARY = "libc++";
				CLANG_ENABLE_MODULES = YES;
				CLANG_ENABLE_OBJC_ARC = YES;
				CLANG_ENABLE_OBJC_WEAK = YES;
				CLANG_WARN_BLOCK_CAPTURE_AUTORELEASING = YES;
				CLANG_WARN_BOOL_CONVERSION = YES;
				CLANG_WARN_COMMA = YES;
				CLANG_WARN_CONSTANT_CONVERSION = YES;
				CLANG_WARN_DEPRECATED_OBJC_IMPLEMENTATIONS = YES;
				CLANG_WARN_DIRECT_OBJC_ISA_USAGE = YES_ERROR;
				CLANG_WARN_DOCUMENTATION_COMMENTS = YES;
				CLANG_WARN_EMPTY_BODY = YES;
				CLANG_WARN_ENUM_CONVERSION = YES;
				CLANG_WARN_INFINITE_RECURSION = YES;
				CLANG_WARN_INT_CONVERSION = YES;
				CLANG_WARN_NON_LITERAL_NULL_CONVERSION = YES;
				CLANG_WARN_OBJC_IMPLICIT_RETAIN_SELF = YES;
				CLANG_WARN_OBJC_LITERAL_CONVERSION = YES;
				CLANG_WARN_OBJC_ROOT_CLASS = YES_ERROR;
				CLANG_WARN_RANGE_LOOP_ANALYSIS = YES;
				CLANG_WARN_STRICT_PROTOTYPES = YES;
				CLANG_WARN_SUSPICIOUS_MOVE = YES;
				CLANG_WARN_UNGUARDED_AVAILABILITY = YES_AGGRESSIVE;
				CLANG_WARN_UNREACHABLE_CODE = YES;
				CLANG_WARN__DUPLICATE_METHOD_MATCH = YES;
				COPY_PHASE_STRIP = NO;
				DEBUG_INFORMATION_FORMAT = dwarf;
				ENABLE_STRICT_OBJC_MSGSEND = YES;
				ENABLE_TESTABILITY = YES;
				GCC_C_LANGUAGE_STANDARD = gnu11;
				GCC_DYNAMIC_NO_PIC = NO;
				GCC_NO_COMMON_BLOCKS = YES;
				GCC_OPTIMIZATION_LEVEL = 0;
				GCC_PREPROCESSOR_DEFINITIONS = (
					"DEBUG=1",
					"$(inherited)",
				);
				GCC_WARN_64_TO_32_BIT_CONVERSION = YES;
				GCC_WARN_ABOUT_RETURN_TYPE = YES_ERROR;
				GCC_WARN_UNDECLARED_SELECTOR = YES;
				GCC_WARN_UNINITIALIZED_AUTOS = YES_AGGRESSIVE;
				GCC_WARN_UNUSED_FUNCTION = YES;
				GCC_WARN_UNUSED_VARIABLE = YES;
				IPHONEOS_DEPLOYMENT_TARGET = 13.4;
				MTL_ENABLE_DEBUG_INFO = INCLUDE_SOURCE;
				MTL_FAST_MATH = YES;
				ONLY_ACTIVE_ARCH = YES;
				SDKROOT = iphoneos;
				SWIFT_ACTIVE_COMPILATION_CONDITIONS = DEBUG;
				SWIFT_OPTIMIZATION_LEVEL = "-Onone";
			};
			name = Debug;
		};
		CD5A6F472455152700718992 /* Release */ = {
			isa = XCBuildConfiguration;
			buildSettings = {
				ALWAYS_SEARCH_USER_PATHS = NO;
				CLANG_ANALYZER_NONNULL = YES;
				CLANG_ANALYZER_NUMBER_OBJECT_CONVERSION = YES_AGGRESSIVE;
				CLANG_CXX_LANGUAGE_STANDARD = "gnu++14";
				CLANG_CXX_LIBRARY = "libc++";
				CLANG_ENABLE_MODULES = YES;
				CLANG_ENABLE_OBJC_ARC = YES;
				CLANG_ENABLE_OBJC_WEAK = YES;
				CLANG_WARN_BLOCK_CAPTURE_AUTORELEASING = YES;
				CLANG_WARN_BOOL_CONVERSION = YES;
				CLANG_WARN_COMMA = YES;
				CLANG_WARN_CONSTANT_CONVERSION = YES;
				CLANG_WARN_DEPRECATED_OBJC_IMPLEMENTATIONS = YES;
				CLANG_WARN_DIRECT_OBJC_ISA_USAGE = YES_ERROR;
				CLANG_WARN_DOCUMENTATION_COMMENTS = YES;
				CLANG_WARN_EMPTY_BODY = YES;
				CLANG_WARN_ENUM_CONVERSION = YES;
				CLANG_WARN_INFINITE_RECURSION = YES;
				CLANG_WARN_INT_CONVERSION = YES;
				CLANG_WARN_NON_LITERAL_NULL_CONVERSION = YES;
				CLANG_WARN_OBJC_IMPLICIT_RETAIN_SELF = YES;
				CLANG_WARN_OBJC_LITERAL_CONVERSION = YES;
				CLANG_WARN_OBJC_ROOT_CLASS = YES_ERROR;
				CLANG_WARN_RANGE_LOOP_ANALYSIS = YES;
				CLANG_WARN_STRICT_PROTOTYPES = YES;
				CLANG_WARN_SUSPICIOUS_MOVE = YES;
				CLANG_WARN_UNGUARDED_AVAILABILITY = YES_AGGRESSIVE;
				CLANG_WARN_UNREACHABLE_CODE = YES;
				CLANG_WARN__DUPLICATE_METHOD_MATCH = YES;
				COPY_PHASE_STRIP = NO;
				DEBUG_INFORMATION_FORMAT = "dwarf-with-dsym";
				ENABLE_NS_ASSERTIONS = NO;
				ENABLE_STRICT_OBJC_MSGSEND = YES;
				GCC_C_LANGUAGE_STANDARD = gnu11;
				GCC_NO_COMMON_BLOCKS = YES;
				GCC_WARN_64_TO_32_BIT_CONVERSION = YES;
				GCC_WARN_ABOUT_RETURN_TYPE = YES_ERROR;
				GCC_WARN_UNDECLARED_SELECTOR = YES;
				GCC_WARN_UNINITIALIZED_AUTOS = YES_AGGRESSIVE;
				GCC_WARN_UNUSED_FUNCTION = YES;
				GCC_WARN_UNUSED_VARIABLE = YES;
				IPHONEOS_DEPLOYMENT_TARGET = 13.4;
				MTL_ENABLE_DEBUG_INFO = NO;
				MTL_FAST_MATH = YES;
				SDKROOT = iphoneos;
				SWIFT_COMPILATION_MODE = wholemodule;
				SWIFT_OPTIMIZATION_LEVEL = "-O";
				VALIDATE_PRODUCT = YES;
			};
			name = Release;
		};
		CD5A6F492455152700718992 /* Debug */ = {
			isa = XCBuildConfiguration;
			buildSettings = {
				ASSETCATALOG_COMPILER_APPICON_NAME = AppIcon;
				CODE_SIGN_STYLE = Automatic;
				DEVELOPMENT_TEAM = MQHL2GT9S8;
				INFOPLIST_FILE = "NSW Work Day Calc/Info.plist";
				LD_RUNPATH_SEARCH_PATHS = (
					"$(inherited)",
					"@executable_path/Frameworks",
				);
				PRODUCT_BUNDLE_IDENTIFIER = "com.securecodes.NSW-Work-Day-Calc";
				PRODUCT_NAME = "$(TARGET_NAME)";
				SWIFT_VERSION = 5.0;
				TARGETED_DEVICE_FAMILY = "1,2";
			};
			name = Debug;
		};
		CD5A6F4A2455152700718992 /* Release */ = {
			isa = XCBuildConfiguration;
			buildSettings = {
				ASSETCATALOG_COMPILER_APPICON_NAME = AppIcon;
				CODE_SIGN_STYLE = Automatic;
				DEVELOPMENT_TEAM = MQHL2GT9S8;
				INFOPLIST_FILE = "NSW Work Day Calc/Info.plist";
				LD_RUNPATH_SEARCH_PATHS = (
					"$(inherited)",
					"@executable_path/Frameworks",
				);
				PRODUCT_BUNDLE_IDENTIFIER = "com.securecodes.NSW-Work-Day-Calc";
				PRODUCT_NAME = "$(TARGET_NAME)";
				SWIFT_VERSION = 5.0;
				TARGETED_DEVICE_FAMILY = "1,2";
			};
			name = Release;
		};
		CD5A6F4C2455152700718992 /* Debug */ = {
			isa = XCBuildConfiguration;
			buildSettings = {
				ALWAYS_EMBED_SWIFT_STANDARD_LIBRARIES = YES;
				BUNDLE_LOADER = "$(TEST_HOST)";
				CODE_SIGN_STYLE = Automatic;
				DEVELOPMENT_TEAM = MQHL2GT9S8;
				INFOPLIST_FILE = "NSW Work Day CalcTests/Info.plist";
				IPHONEOS_DEPLOYMENT_TARGET = 13.4;
				LD_RUNPATH_SEARCH_PATHS = (
					"$(inherited)",
					"@executable_path/Frameworks",
					"@loader_path/Frameworks",
				);
				PRODUCT_BUNDLE_IDENTIFIER = "com.securecodes.NSW-Work-Day-CalcTests";
				PRODUCT_NAME = "$(TARGET_NAME)";
				SWIFT_VERSION = 5.0;
				TARGETED_DEVICE_FAMILY = "1,2";
				TEST_HOST = "$(BUILT_PRODUCTS_DIR)/NSW Work Day Calc.app/NSW Work Day Calc";
			};
			name = Debug;
		};
		CD5A6F4D2455152700718992 /* Release */ = {
			isa = XCBuildConfiguration;
			buildSettings = {
				ALWAYS_EMBED_SWIFT_STANDARD_LIBRARIES = YES;
				BUNDLE_LOADER = "$(TEST_HOST)";
				CODE_SIGN_STYLE = Automatic;
				DEVELOPMENT_TEAM = MQHL2GT9S8;
				INFOPLIST_FILE = "NSW Work Day CalcTests/Info.plist";
				IPHONEOS_DEPLOYMENT_TARGET = 13.4;
				LD_RUNPATH_SEARCH_PATHS = (
					"$(inherited)",
					"@executable_path/Frameworks",
					"@loader_path/Frameworks",
				);
				PRODUCT_BUNDLE_IDENTIFIER = "com.securecodes.NSW-Work-Day-CalcTests";
				PRODUCT_NAME = "$(TARGET_NAME)";
				SWIFT_VERSION = 5.0;
				TARGETED_DEVICE_FAMILY = "1,2";
				TEST_HOST = "$(BUILT_PRODUCTS_DIR)/NSW Work Day Calc.app/NSW Work Day Calc";
			};
			name = Release;
		};
		CD5A6F4F2455152700718992 /* Debug */ = {
			isa = XCBuildConfiguration;
			buildSettings = {
				ALWAYS_EMBED_SWIFT_STANDARD_LIBRARIES = YES;
				CODE_SIGN_STYLE = Automatic;
				DEVELOPMENT_TEAM = MQHL2GT9S8;
				INFOPLIST_FILE = "NSW Work Day CalcUITests/Info.plist";
				LD_RUNPATH_SEARCH_PATHS = (
					"$(inherited)",
					"@executable_path/Frameworks",
					"@loader_path/Frameworks",
				);
				PRODUCT_BUNDLE_IDENTIFIER = "com.securecodes.NSW-Work-Day-CalcUITests";
				PRODUCT_NAME = "$(TARGET_NAME)";
				SWIFT_VERSION = 5.0;
				TARGETED_DEVICE_FAMILY = "1,2";
				TEST_TARGET_NAME = "NSW Work Day Calc";
			};
			name = Debug;
		};
		CD5A6F502455152700718992 /* Release */ = {
			isa = XCBuildConfiguration;
			buildSettings = {
				ALWAYS_EMBED_SWIFT_STANDARD_LIBRARIES = YES;
				CODE_SIGN_STYLE = Automatic;
				DEVELOPMENT_TEAM = MQHL2GT9S8;
				INFOPLIST_FILE = "NSW Work Day CalcUITests/Info.plist";
				LD_RUNPATH_SEARCH_PATHS = (
					"$(inherited)",
					"@executable_path/Frameworks",
					"@loader_path/Frameworks",
				);
				PRODUCT_BUNDLE_IDENTIFIER = "com.securecodes.NSW-Work-Day-CalcUITests";
				PRODUCT_NAME = "$(TARGET_NAME)";
				SWIFT_VERSION = 5.0;
				TARGETED_DEVICE_FAMILY = "1,2";
				TEST_TARGET_NAME = "NSW Work Day Calc";
			};
			name = Release;
		};
/* End XCBuildConfiguration section */

/* Begin XCConfigurationList section */
		CD5A6F192455152500718992 /* Build configuration list for PBXProject "NSW Work Day Calc" */ = {
			isa = XCConfigurationList;
			buildConfigurations = (
				CD5A6F462455152700718992 /* Debug */,
				CD5A6F472455152700718992 /* Release */,
			);
			defaultConfigurationIsVisible = 0;
			defaultConfigurationName = Release;
		};
		CD5A6F482455152700718992 /* Build configuration list for PBXNativeTarget "NSW Work Day Calc" */ = {
			isa = XCConfigurationList;
			buildConfigurations = (
				CD5A6F492455152700718992 /* Debug */,
				CD5A6F4A2455152700718992 /* Release */,
			);
			defaultConfigurationIsVisible = 0;
			defaultConfigurationName = Release;
		};
		CD5A6F4B2455152700718992 /* Build configuration list for PBXNativeTarget "NSW Work Day CalcTests" */ = {
			isa = XCConfigurationList;
			buildConfigurations = (
				CD5A6F4C2455152700718992 /* Debug */,
				CD5A6F4D2455152700718992 /* Release */,
			);
			defaultConfigurationIsVisible = 0;
			defaultConfigurationName = Release;
		};
		CD5A6F4E2455152700718992 /* Build configuration list for PBXNativeTarget "NSW Work Day CalcUITests" */ = {
			isa = XCConfigurationList;
			buildConfigurations = (
				CD5A6F4F2455152700718992 /* Debug */,
				CD5A6F502455152700718992 /* Release */,
			);
			defaultConfigurationIsVisible = 0;
			defaultConfigurationName = Release;
		};
/* End XCConfigurationList section */
	};
	rootObject = CD5A6F162455152500718992 /* Project object */;
}
